
Microsoft Visual Studio Solution File, Format Version 12.00
# Visual Studio Version 16
VisualStudioVersion = 16.0.28803.352
MinimumVisualStudioVersion = 10.0.40219.1
Project("{FAE04EC0-301F-11D3-BF4B-00C04F79EFBC}") = "AzureFtpUploader", "AzureFtpUploader\AzureFtpUploader.csproj", "{88844959-6544-468D-A0CF-2D4CDDE261CB}"
EndProject
Global
	GlobalSection(SolutionConfigurationPlatforms) = preSolution
		Debug|Any CPU = Debug|Any CPU
		Release|Any CPU = Release|Any CPU
	EndGlobalSection
	GlobalSection(ProjectConfigurationPlatforms) = postSolution
		{88844959-6544-468D-A0CF-2D4CDDE261CB}.Debug|Any CPU.ActiveCfg = Debug|Any CPU
		{88844959-6544-468D-A0CF-2D4CDDE261CB}.Debug|Any CPU.Build.0 = Debug|Any CPU
		{88844959-6544-468D-A0CF-2D4CDDE261CB}.Release|Any CPU.ActiveCfg = Release|Any CPU
		{88844959-6544-468D-A0CF-2D4CDDE261CB}.Release|Any CPU.Build.0 = Release|Any CPU
	EndGlobalSection
	GlobalSection(SolutionProperties) = preSolution
		HideSolutionNode = FALSE
	EndGlobalSection
	GlobalSection(ExtensibilityGlobals) = postSolution
		SolutionGuid = {D1E27FF2-239E-4C0B-8BA0-6BA3C28CE32B}
	EndGlobalSection
EndGlobal
